
Microsoft Visual Studio Solution File, Format Version 12.00
# Visual Studio 14
VisualStudioVersion = 14.0.25420.1
MinimumVisualStudioVersion = 10.0.40219.1
Project("{2150E333-8FDC-42A3-9474-1A3956D46DE8}") = "Misc", "Misc", "{9203B750-3E22-4048-A379-2147B3C9C7BF}"
	ProjectSection(SolutionItems) = preProject
		.editorconfig = .editorconfig
		.gitignore = .gitignore
		appveyor.yml = appveyor.yml
		CONTRIBUTING.md = CONTRIBUTING.md
		CONTRIBUTORS.md = CONTRIBUTORS.md
		LICENSE.md = LICENSE.md
		Notes.md = Notes.md
		README.md = README.md
		TODO.md = TODO.md
	EndProjectSection
EndProject
Project("{2150E333-8FDC-42A3-9474-1A3956D46DE8}") = "Common", "Common", "{E0D80C7F-D908-48D3-8E0B-E9E4CDDAEC40}"
EndProject
Project("{2150E333-8FDC-42A3-9474-1A3956D46DE8}") = "Apps", "Apps", "{73543281-7546-49F0-AD31-DF837F0FDED5}"
EndProject
Project("{2150E333-8FDC-42A3-9474-1A3956D46DE8}") = "Exchange", "Exchange", "{8133D921-8FFB-47ED-BBD1-FEE66DBCE041}"
EndProject
Project("{2150E333-8FDC-42A3-9474-1A3956D46DE8}") = "Interop", "Interop", "{4DD45BEA-1576-4ABE-9D27-8D517702533D}"
EndProject
Project("{2150E333-8FDC-42A3-9474-1A3956D46DE8}") = "StarlightDirector", "StarlightDirector", "{6418FBBA-1B6D-4596-A0CC-37D8C680742F}"
EndProject
Project("{FAE04EC0-301F-11D3-BF4B-00C04F79EFBC}") = "DereTore.Common", "Common\DereTore.Common\DereTore.Common.csproj", "{DBD0DA4A-0057-4D04-AD69-0E7267D72793}"
EndProject
Project("{FAE04EC0-301F-11D3-BF4B-00C04F79EFBC}") = "DereTore.Common.StarlightStage", "Common\DereTore.Common.StarlightStage\DereTore.Common.StarlightStage.csproj", "{ABD7F1B5-C4E3-4200-8E44-98B183DFEE2C}"
EndProject
Project("{FAE04EC0-301F-11D3-BF4B-00C04F79EFBC}") = "DereTore.Compression.LZ4", "Common\DereTore.Compression.LZ4\DereTore.Compression.LZ4.csproj", "{BEA07A30-C611-4D1C-9632-6CC103722BAA}"
EndProject
Project("{FAE04EC0-301F-11D3-BF4B-00C04F79EFBC}") = "DereTore.Exchange.Archive.ACB", "Exchange\DereTore.Exchange.Archive.ACB\DereTore.Exchange.Archive.ACB.csproj", "{EECF4BAA-9C9E-4687-A616-0F5C65C5F14B}"
EndProject
Project("{FAE04EC0-301F-11D3-BF4B-00C04F79EFBC}") = "DereTore.Exchange.Audio.HCA", "Exchange\DereTore.Exchange.Audio.HCA\DereTore.Exchange.Audio.HCA.csproj", "{7C6FADD7-A0BB-4BF3-8992-3D89ACE1CC69}"
EndProject
Project("{FAE04EC0-301F-11D3-BF4B-00C04F79EFBC}") = "DereTore.Exchange.UnityEngine", "Exchange\DereTore.Exchange.UnityEngine\DereTore.Exchange.UnityEngine.csproj", "{D0D328E6-2D3D-4B55-9CEC-88552CD332EB}"
EndProject
Project("{8BC9CEB8-8B4A-11D0-8D11-00A0C91BC942}") = "DereTore.Interop.D3DX9", "Interop\DereTore.Interop.D3DX9\DereTore.Interop.D3DX9.vcxproj", "{CA0E4E2F-65E6-43E2-9F81-FCF0F0402EC5}"
EndProject
Project("{FAE04EC0-301F-11D3-BF4B-00C04F79EFBC}") = "DereTore.Interop.OS", "Interop\DereTore.Interop.OS\DereTore.Interop.OS.csproj", "{3A0D1281-A503-4E5D-9765-D7BF56F89266}"
EndProject
Project("{8BC9CEB8-8B4A-11D0-8D11-00A0C91BC942}") = "DereTore.Interop.PVRTexLib", "Interop\DereTore.Interop.PVRTexLib\DereTore.Interop.PVRTexLib.vcxproj", "{4F31A3B6-D304-4D38-9D2B-3794281CB787}"
EndProject
Project("{FAE04EC0-301F-11D3-BF4B-00C04F79EFBC}") = "StarlightDirector", "StarlightDirector\StarlightDirector\StarlightDirector.csproj", "{EA6039D9-CFDA-44B5-BE32-F1256A649E18}"
EndProject
Project("{FAE04EC0-301F-11D3-BF4B-00C04F79EFBC}") = "StarlightDirector.Core", "StarlightDirector\StarlightDirector.Core\StarlightDirector.Core.csproj", "{7FB2A631-88C4-4C6B-9E8B-8EEEB40575D0}"
EndProject
Project("{FAE04EC0-301F-11D3-BF4B-00C04F79EFBC}") = "StarlightDirector.Entities", "StarlightDirector\StarlightDirector.Entities\StarlightDirector.Entities.csproj", "{D78A4080-34F4-45EC-A8EF-87F95815E3BD}"
EndProject
Project("{FAE04EC0-301F-11D3-BF4B-00C04F79EFBC}") = "StarlightDirector.Exchange", "StarlightDirector\StarlightDirector.Exchange\StarlightDirector.Exchange.csproj", "{3ECDD0BB-215A-4437-B162-FC9D9285303D}"
EndProject
Project("{FAE04EC0-301F-11D3-BF4B-00C04F79EFBC}") = "DereTore.Apps.AcbMaker", "Apps\AcbMaker\DereTore.Apps.AcbMaker.csproj", "{7516898D-66CC-4084-A218-29F19A503673}"
EndProject
Project("{FAE04EC0-301F-11D3-BF4B-00C04F79EFBC}") = "DereTore.Apps.AcbUnzip", "Apps\AcbUnzip\DereTore.Apps.AcbUnzip.csproj", "{D8F919A6-AC4D-4B22-A214-8258B241F507}"
EndProject
Project("{FAE04EC0-301F-11D3-BF4B-00C04F79EFBC}") = "DereTore.Apps.Hca2Wav", "Apps\Hca2Wav\DereTore.Apps.Hca2Wav.csproj", "{87D41A40-A33F-499F-8635-22C6D99475A6}"
EndProject
Project("{FAE04EC0-301F-11D3-BF4B-00C04F79EFBC}") = "DereTore.Apps.Hcacc", "Apps\Hcacc\DereTore.Apps.Hcacc.csproj", "{22DA9276-BAE2-4328-9B74-522D5333E09C}"
EndProject
Project("{FAE04EC0-301F-11D3-BF4B-00C04F79EFBC}") = "DereTore.Apps.Hcaenc", "Apps\Hcaenc\DereTore.Apps.Hcaenc.csproj", "{5B8FCABB-7663-4047-997C-BD14C06EF301}"
EndProject
Project("{FAE04EC0-301F-11D3-BF4B-00C04F79EFBC}") = "DereTore.Apps.JacketCreator", "Apps\JacketCreator\DereTore.Apps.JacketCreator.csproj", "{BE31825C-8163-43FC-B0FD-996A9C19714B}"
EndProject
Project("{FAE04EC0-301F-11D3-BF4B-00C04F79EFBC}") = "DereTore.Apps.LZ4", "Apps\LZ4\DereTore.Apps.LZ4.csproj", "{C6BC3FE0-8333-4DFF-8284-07431E151B44}"
EndProject
Project("{FAE04EC0-301F-11D3-BF4B-00C04F79EFBC}") = "DereTore.Apps.MusicToolchain", "Apps\MusicToolchain\DereTore.Apps.MusicToolchain.csproj", "{1D5FB1F1-D4C9-4B4D-9225-73F4C459B875}"
EndProject
Project("{FAE04EC0-301F-11D3-BF4B-00C04F79EFBC}") = "DereTore.Apps.ScoreViewer", "Apps\ScoreViewer\DereTore.Apps.ScoreViewer.csproj", "{31E86FB4-68DE-4DD6-8F03-D8E2DAAE07FA}"
EndProject
Global
	GlobalSection(SolutionConfigurationPlatforms) = preSolution
		Debug|x64 = Debug|x64
		Debug|x86 = Debug|x86
		Release|x64 = Release|x64
		Release|x86 = Release|x86
	EndGlobalSection
	GlobalSection(ProjectConfigurationPlatforms) = postSolution
		{DBD0DA4A-0057-4D04-AD69-0E7267D72793}.Debug|x64.ActiveCfg = Debug|x64
		{DBD0DA4A-0057-4D04-AD69-0E7267D72793}.Debug|x64.Build.0 = Debug|x64
		{DBD0DA4A-0057-4D04-AD69-0E7267D72793}.Debug|x86.ActiveCfg = Debug|x86
		{DBD0DA4A-0057-4D04-AD69-0E7267D72793}.Debug|x86.Build.0 = Debug|x86
		{DBD0DA4A-0057-4D04-AD69-0E7267D72793}.Release|x64.ActiveCfg = Release|x64
		{DBD0DA4A-0057-4D04-AD69-0E7267D72793}.Release|x64.Build.0 = Release|x64
		{DBD0DA4A-0057-4D04-AD69-0E7267D72793}.Release|x86.ActiveCfg = Release|x86
		{DBD0DA4A-0057-4D04-AD69-0E7267D72793}.Release|x86.Build.0 = Release|x86
		{ABD7F1B5-C4E3-4200-8E44-98B183DFEE2C}.Debug|x64.ActiveCfg = Debug|x64
		{ABD7F1B5-C4E3-4200-8E44-98B183DFEE2C}.Debug|x64.Build.0 = Debug|x64
		{ABD7F1B5-C4E3-4200-8E44-98B183DFEE2C}.Debug|x86.ActiveCfg = Debug|x86
		{ABD7F1B5-C4E3-4200-8E44-98B183DFEE2C}.Debug|x86.Build.0 = Debug|x86
		{ABD7F1B5-C4E3-4200-8E44-98B183DFEE2C}.Release|x64.ActiveCfg = Release|x64
		{ABD7F1B5-C4E3-4200-8E44-98B183DFEE2C}.Release|x64.Build.0 = Release|x64
		{ABD7F1B5-C4E3-4200-8E44-98B183DFEE2C}.Release|x86.ActiveCfg = Release|x86
		{ABD7F1B5-C4E3-4200-8E44-98B183DFEE2C}.Release|x86.Build.0 = Release|x86
		{BEA07A30-C611-4D1C-9632-6CC103722BAA}.Debug|x64.ActiveCfg = Debug|x64
		{BEA07A30-C611-4D1C-9632-6CC103722BAA}.Debug|x64.Build.0 = Debug|x64
		{BEA07A30-C611-4D1C-9632-6CC103722BAA}.Debug|x86.ActiveCfg = Debug|x86
		{BEA07A30-C611-4D1C-9632-6CC103722BAA}.Debug|x86.Build.0 = Debug|x86
		{BEA07A30-C611-4D1C-9632-6CC103722BAA}.Release|x64.ActiveCfg = Release|x64
		{BEA07A30-C611-4D1C-9632-6CC103722BAA}.Release|x64.Build.0 = Release|x64
		{BEA07A30-C611-4D1C-9632-6CC103722BAA}.Release|x86.ActiveCfg = Release|x86
		{BEA07A30-C611-4D1C-9632-6CC103722BAA}.Release|x86.Build.0 = Release|x86
		{EECF4BAA-9C9E-4687-A616-0F5C65C5F14B}.Debug|x64.ActiveCfg = Debug|x64
		{EECF4BAA-9C9E-4687-A616-0F5C65C5F14B}.Debug|x64.Build.0 = Debug|x64
		{EECF4BAA-9C9E-4687-A616-0F5C65C5F14B}.Debug|x86.ActiveCfg = Debug|x86
		{EECF4BAA-9C9E-4687-A616-0F5C65C5F14B}.Debug|x86.Build.0 = Debug|x86
		{EECF4BAA-9C9E-4687-A616-0F5C65C5F14B}.Release|x64.ActiveCfg = Release|x64
		{EECF4BAA-9C9E-4687-A616-0F5C65C5F14B}.Release|x64.Build.0 = Release|x64
		{EECF4BAA-9C9E-4687-A616-0F5C65C5F14B}.Release|x86.ActiveCfg = Release|x86
		{EECF4BAA-9C9E-4687-A616-0F5C65C5F14B}.Release|x86.Build.0 = Release|x86
		{7C6FADD7-A0BB-4BF3-8992-3D89ACE1CC69}.Debug|x64.ActiveCfg = Debug|x64
		{7C6FADD7-A0BB-4BF3-8992-3D89ACE1CC69}.Debug|x64.Build.0 = Debug|x64
		{7C6FADD7-A0BB-4BF3-8992-3D89ACE1CC69}.Debug|x86.ActiveCfg = Debug|x86
		{7C6FADD7-A0BB-4BF3-8992-3D89ACE1CC69}.Debug|x86.Build.0 = Debug|x86
		{7C6FADD7-A0BB-4BF3-8992-3D89ACE1CC69}.Release|x64.ActiveCfg = Release|x64
		{7C6FADD7-A0BB-4BF3-8992-3D89ACE1CC69}.Release|x64.Build.0 = Release|x64
		{7C6FADD7-A0BB-4BF3-8992-3D89ACE1CC69}.Release|x86.ActiveCfg = Release|x86
		{7C6FADD7-A0BB-4BF3-8992-3D89ACE1CC69}.Release|x86.Build.0 = Release|x86
		{D0D328E6-2D3D-4B55-9CEC-88552CD332EB}.Debug|x64.ActiveCfg = Debug|x64
		{D0D328E6-2D3D-4B55-9CEC-88552CD332EB}.Debug|x64.Build.0 = Debug|x64
		{D0D328E6-2D3D-4B55-9CEC-88552CD332EB}.Debug|x86.ActiveCfg = Debug|x86
		{D0D328E6-2D3D-4B55-9CEC-88552CD332EB}.Debug|x86.Build.0 = Debug|x86
		{D0D328E6-2D3D-4B55-9CEC-88552CD332EB}.Release|x64.ActiveCfg = Release|x64
		{D0D328E6-2D3D-4B55-9CEC-88552CD332EB}.Release|x64.Build.0 = Release|x64
		{D0D328E6-2D3D-4B55-9CEC-88552CD332EB}.Release|x86.ActiveCfg = Release|x86
		{D0D328E6-2D3D-4B55-9CEC-88552CD332EB}.Release|x86.Build.0 = Release|x86
		{CA0E4E2F-65E6-43E2-9F81-FCF0F0402EC5}.Debug|x64.ActiveCfg = Debug|x64
		{CA0E4E2F-65E6-43E2-9F81-FCF0F0402EC5}.Debug|x64.Build.0 = Debug|x64
		{CA0E4E2F-65E6-43E2-9F81-FCF0F0402EC5}.Debug|x86.ActiveCfg = Debug|Win32
		{CA0E4E2F-65E6-43E2-9F81-FCF0F0402EC5}.Debug|x86.Build.0 = Debug|Win32
		{CA0E4E2F-65E6-43E2-9F81-FCF0F0402EC5}.Release|x64.ActiveCfg = Release|x64
		{CA0E4E2F-65E6-43E2-9F81-FCF0F0402EC5}.Release|x64.Build.0 = Release|x64
		{CA0E4E2F-65E6-43E2-9F81-FCF0F0402EC5}.Release|x86.ActiveCfg = Release|Win32
		{CA0E4E2F-65E6-43E2-9F81-FCF0F0402EC5}.Release|x86.Build.0 = Release|Win32
		{3A0D1281-A503-4E5D-9765-D7BF56F89266}.Debug|x64.ActiveCfg = Debug|x64
		{3A0D1281-A503-4E5D-9765-D7BF56F89266}.Debug|x64.Build.0 = Debug|x64
		{3A0D1281-A503-4E5D-9765-D7BF56F89266}.Debug|x86.ActiveCfg = Debug|x86
		{3A0D1281-A503-4E5D-9765-D7BF56F89266}.Debug|x86.Build.0 = Debug|x86
		{3A0D1281-A503-4E5D-9765-D7BF56F89266}.Release|x64.ActiveCfg = Release|x64
		{3A0D1281-A503-4E5D-9765-D7BF56F89266}.Release|x64.Build.0 = Release|x64
		{3A0D1281-A503-4E5D-9765-D7BF56F89266}.Release|x86.ActiveCfg = Release|x86
		{3A0D1281-A503-4E5D-9765-D7BF56F89266}.Release|x86.Build.0 = Release|x86
		{4F31A3B6-D304-4D38-9D2B-3794281CB787}.Debug|x64.ActiveCfg = Debug|x64
		{4F31A3B6-D304-4D38-9D2B-3794281CB787}.Debug|x64.Build.0 = Debug|x64
		{4F31A3B6-D304-4D38-9D2B-3794281CB787}.Debug|x86.ActiveCfg = Debug|Win32
		{4F31A3B6-D304-4D38-9D2B-3794281CB787}.Debug|x86.Build.0 = Debug|Win32
		{4F31A3B6-D304-4D38-9D2B-3794281CB787}.Release|x64.ActiveCfg = Release|x64
		{4F31A3B6-D304-4D38-9D2B-3794281CB787}.Release|x64.Build.0 = Release|x64
		{4F31A3B6-D304-4D38-9D2B-3794281CB787}.Release|x86.ActiveCfg = Release|Win32
		{4F31A3B6-D304-4D38-9D2B-3794281CB787}.Release|x86.Build.0 = Release|Win32
		{EA6039D9-CFDA-44B5-BE32-F1256A649E18}.Debug|x64.ActiveCfg = Debug|x64
		{EA6039D9-CFDA-44B5-BE32-F1256A649E18}.Debug|x64.Build.0 = Debug|x64
		{EA6039D9-CFDA-44B5-BE32-F1256A649E18}.Debug|x86.ActiveCfg = Debug|x86
		{EA6039D9-CFDA-44B5-BE32-F1256A649E18}.Debug|x86.Build.0 = Debug|x86
		{EA6039D9-CFDA-44B5-BE32-F1256A649E18}.Release|x64.ActiveCfg = Release|x64
		{EA6039D9-CFDA-44B5-BE32-F1256A649E18}.Release|x64.Build.0 = Release|x64
		{EA6039D9-CFDA-44B5-BE32-F1256A649E18}.Release|x86.ActiveCfg = Release|x86
		{EA6039D9-CFDA-44B5-BE32-F1256A649E18}.Release|x86.Build.0 = Release|x86
		{7FB2A631-88C4-4C6B-9E8B-8EEEB40575D0}.Debug|x64.ActiveCfg = Debug|x64
		{7FB2A631-88C4-4C6B-9E8B-8EEEB40575D0}.Debug|x64.Build.0 = Debug|x64
		{7FB2A631-88C4-4C6B-9E8B-8EEEB40575D0}.Debug|x86.ActiveCfg = Debug|x86
		{7FB2A631-88C4-4C6B-9E8B-8EEEB40575D0}.Debug|x86.Build.0 = Debug|x86
		{7FB2A631-88C4-4C6B-9E8B-8EEEB40575D0}.Release|x64.ActiveCfg = Release|x64
		{7FB2A631-88C4-4C6B-9E8B-8EEEB40575D0}.Release|x64.Build.0 = Release|x64
		{7FB2A631-88C4-4C6B-9E8B-8EEEB40575D0}.Release|x86.ActiveCfg = Release|x86
		{7FB2A631-88C4-4C6B-9E8B-8EEEB40575D0}.Release|x86.Build.0 = Release|x86
		{D78A4080-34F4-45EC-A8EF-87F95815E3BD}.Debug|x64.ActiveCfg = Debug|x64
		{D78A4080-34F4-45EC-A8EF-87F95815E3BD}.Debug|x64.Build.0 = Debug|x64
		{D78A4080-34F4-45EC-A8EF-87F95815E3BD}.Debug|x86.ActiveCfg = Debug|x86
		{D78A4080-34F4-45EC-A8EF-87F95815E3BD}.Debug|x86.Build.0 = Debug|x86
		{D78A4080-34F4-45EC-A8EF-87F95815E3BD}.Release|x64.ActiveCfg = Release|x64
		{D78A4080-34F4-45EC-A8EF-87F95815E3BD}.Release|x64.Build.0 = Release|x64
		{D78A4080-34F4-45EC-A8EF-87F95815E3BD}.Release|x86.ActiveCfg = Release|x86
		{D78A4080-34F4-45EC-A8EF-87F95815E3BD}.Release|x86.Build.0 = Release|x86
		{3ECDD0BB-215A-4437-B162-FC9D9285303D}.Debug|x64.ActiveCfg = Debug|x64
		{3ECDD0BB-215A-4437-B162-FC9D9285303D}.Debug|x64.Build.0 = Debug|x64
		{3ECDD0BB-215A-4437-B162-FC9D9285303D}.Debug|x86.ActiveCfg = Debug|x86
		{3ECDD0BB-215A-4437-B162-FC9D9285303D}.Debug|x86.Build.0 = Debug|x86
		{3ECDD0BB-215A-4437-B162-FC9D9285303D}.Release|x64.ActiveCfg = Release|x64
		{3ECDD0BB-215A-4437-B162-FC9D9285303D}.Release|x64.Build.0 = Release|x64
		{3ECDD0BB-215A-4437-B162-FC9D9285303D}.Release|x86.ActiveCfg = Release|x86
		{3ECDD0BB-215A-4437-B162-FC9D9285303D}.Release|x86.Build.0 = Release|x86
		{7516898D-66CC-4084-A218-29F19A503673}.Debug|x64.ActiveCfg = Debug|x64
		{7516898D-66CC-4084-A218-29F19A503673}.Debug|x64.Build.0 = Debug|x64
		{7516898D-66CC-4084-A218-29F19A503673}.Debug|x86.ActiveCfg = Debug|x86
		{7516898D-66CC-4084-A218-29F19A503673}.Debug|x86.Build.0 = Debug|x86
		{7516898D-66CC-4084-A218-29F19A503673}.Release|x64.ActiveCfg = Release|x64
		{7516898D-66CC-4084-A218-29F19A503673}.Release|x64.Build.0 = Release|x64
		{7516898D-66CC-4084-A218-29F19A503673}.Release|x86.ActiveCfg = Release|x86
		{7516898D-66CC-4084-A218-29F19A503673}.Release|x86.Build.0 = Release|x86
		{D8F919A6-AC4D-4B22-A214-8258B241F507}.Debug|x64.ActiveCfg = Debug|x64
		{D8F919A6-AC4D-4B22-A214-8258B241F507}.Debug|x64.Build.0 = Debug|x64
		{D8F919A6-AC4D-4B22-A214-8258B241F507}.Debug|x86.ActiveCfg = Debug|x86
		{D8F919A6-AC4D-4B22-A214-8258B241F507}.Debug|x86.Build.0 = Debug|x86
		{D8F919A6-AC4D-4B22-A214-8258B241F507}.Release|x64.ActiveCfg = Release|x64
		{D8F919A6-AC4D-4B22-A214-8258B241F507}.Release|x64.Build.0 = Release|x64
		{D8F919A6-AC4D-4B22-A214-8258B241F507}.Release|x86.ActiveCfg = Release|x86
		{D8F919A6-AC4D-4B22-A214-8258B241F507}.Release|x86.Build.0 = Release|x86
		{87D41A40-A33F-499F-8635-22C6D99475A6}.Debug|x64.ActiveCfg = Debug|x64
		{87D41A40-A33F-499F-8635-22C6D99475A6}.Debug|x64.Build.0 = Debug|x64
		{87D41A40-A33F-499F-8635-22C6D99475A6}.Debug|x86.ActiveCfg = Debug|x86
		{87D41A40-A33F-499F-8635-22C6D99475A6}.Debug|x86.Build.0 = Debug|x86
		{87D41A40-A33F-499F-8635-22C6D99475A6}.Release|x64.ActiveCfg = Release|x64
		{87D41A40-A33F-499F-8635-22C6D99475A6}.Release|x64.Build.0 = Release|x64
		{87D41A40-A33F-499F-8635-22C6D99475A6}.Release|x86.ActiveCfg = Release|x86
		{87D41A40-A33F-499F-8635-22C6D99475A6}.Release|x86.Build.0 = Release|x86
		{22DA9276-BAE2-4328-9B74-522D5333E09C}.Debug|x64.ActiveCfg = Debug|x64
		{22DA9276-BAE2-4328-9B74-522D5333E09C}.Debug|x64.Build.0 = Debug|x64
		{22DA9276-BAE2-4328-9B74-522D5333E09C}.Debug|x86.ActiveCfg = Debug|x86
		{22DA9276-BAE2-4328-9B74-522D5333E09C}.Debug|x86.Build.0 = Debug|x86
		{22DA9276-BAE2-4328-9B74-522D5333E09C}.Release|x64.ActiveCfg = Release|x64
		{22DA9276-BAE2-4328-9B74-522D5333E09C}.Release|x64.Build.0 = Release|x64
		{22DA9276-BAE2-4328-9B74-522D5333E09C}.Release|x86.ActiveCfg = Release|x86
		{22DA9276-BAE2-4328-9B74-522D5333E09C}.Release|x86.Build.0 = Release|x86
		{5B8FCABB-7663-4047-997C-BD14C06EF301}.Debug|x64.ActiveCfg = Debug|x86
		{5B8FCABB-7663-4047-997C-BD14C06EF301}.Debug|x86.ActiveCfg = Debug|x86
		{5B8FCABB-7663-4047-997C-BD14C06EF301}.Debug|x86.Build.0 = Debug|x86
		{5B8FCABB-7663-4047-997C-BD14C06EF301}.Release|x64.ActiveCfg = Release|x86
		{5B8FCABB-7663-4047-997C-BD14C06EF301}.Release|x64.Build.0 = Release|x86
		{5B8FCABB-7663-4047-997C-BD14C06EF301}.Release|x86.ActiveCfg = Release|x86
		{5B8FCABB-7663-4047-997C-BD14C06EF301}.Release|x86.Build.0 = Release|x86
		{BE31825C-8163-43FC-B0FD-996A9C19714B}.Debug|x64.ActiveCfg = Debug|x64
		{BE31825C-8163-43FC-B0FD-996A9C19714B}.Debug|x64.Build.0 = Debug|x64
		{BE31825C-8163-43FC-B0FD-996A9C19714B}.Debug|x86.ActiveCfg = Debug|x86
		{BE31825C-8163-43FC-B0FD-996A9C19714B}.Debug|x86.Build.0 = Debug|x86
		{BE31825C-8163-43FC-B0FD-996A9C19714B}.Release|x64.ActiveCfg = Release|x64
		{BE31825C-8163-43FC-B0FD-996A9C19714B}.Release|x64.Build.0 = Release|x64
		{BE31825C-8163-43FC-B0FD-996A9C19714B}.Release|x86.ActiveCfg = Release|x86
		{BE31825C-8163-43FC-B0FD-996A9C19714B}.Release|x86.Build.0 = Release|x86
		{C6BC3FE0-8333-4DFF-8284-07431E151B44}.Debug|x64.ActiveCfg = Debug|x64
		{C6BC3FE0-8333-4DFF-8284-07431E151B44}.Debug|x64.Build.0 = Debug|x64
		{C6BC3FE0-8333-4DFF-8284-07431E151B44}.Debug|x86.ActiveCfg = Debug|x86
		{C6BC3FE0-8333-4DFF-8284-07431E151B44}.Debug|x86.Build.0 = Debug|x86
		{C6BC3FE0-8333-4DFF-8284-07431E151B44}.Release|x64.ActiveCfg = Release|x64
		{C6BC3FE0-8333-4DFF-8284-07431E151B44}.Release|x64.Build.0 = Release|x64
		{C6BC3FE0-8333-4DFF-8284-07431E151B44}.Release|x86.ActiveCfg = Release|x86
		{C6BC3FE0-8333-4DFF-8284-07431E151B44}.Release|x86.Build.0 = Release|x86
		{1D5FB1F1-D4C9-4B4D-9225-73F4C459B875}.Debug|x64.ActiveCfg = Debug|x64
		{1D5FB1F1-D4C9-4B4D-9225-73F4C459B875}.Debug|x64.Build.0 = Debug|x64
		{1D5FB1F1-D4C9-4B4D-9225-73F4C459B875}.Debug|x86.ActiveCfg = Debug|x86
		{1D5FB1F1-D4C9-4B4D-9225-73F4C459B875}.Debug|x86.Build.0 = Debug|x86
		{1D5FB1F1-D4C9-4B4D-9225-73F4C459B875}.Release|x64.ActiveCfg = Release|x64
		{1D5FB1F1-D4C9-4B4D-9225-73F4C459B875}.Release|x64.Build.0 = Release|x64
		{1D5FB1F1-D4C9-4B4D-9225-73F4C459B875}.Release|x86.ActiveCfg = Release|x86
		{1D5FB1F1-D4C9-4B4D-9225-73F4C459B875}.Release|x86.Build.0 = Release|x86
		{31E86FB4-68DE-4DD6-8F03-D8E2DAAE07FA}.Debug|x64.ActiveCfg = Debug|x64
		{31E86FB4-68DE-4DD6-8F03-D8E2DAAE07FA}.Debug|x64.Build.0 = Debug|x64
		{31E86FB4-68DE-4DD6-8F03-D8E2DAAE07FA}.Debug|x86.ActiveCfg = Debug|x86
		{31E86FB4-68DE-4DD6-8F03-D8E2DAAE07FA}.Debug|x86.Build.0 = Debug|x86
		{31E86FB4-68DE-4DD6-8F03-D8E2DAAE07FA}.Release|x64.ActiveCfg = Release|x64
		{31E86FB4-68DE-4DD6-8F03-D8E2DAAE07FA}.Release|x64.Build.0 = Release|x64
		{31E86FB4-68DE-4DD6-8F03-D8E2DAAE07FA}.Release|x86.ActiveCfg = Release|x86
		{31E86FB4-68DE-4DD6-8F03-D8E2DAAE07FA}.Release|x86.Build.0 = Release|x86
	EndGlobalSection
	GlobalSection(SolutionProperties) = preSolution
		HideSolutionNode = FALSE
	EndGlobalSection
	GlobalSection(NestedProjects) = preSolution
		{DBD0DA4A-0057-4D04-AD69-0E7267D72793} = {E0D80C7F-D908-48D3-8E0B-E9E4CDDAEC40}
		{ABD7F1B5-C4E3-4200-8E44-98B183DFEE2C} = {E0D80C7F-D908-48D3-8E0B-E9E4CDDAEC40}
		{BEA07A30-C611-4D1C-9632-6CC103722BAA} = {E0D80C7F-D908-48D3-8E0B-E9E4CDDAEC40}
		{EECF4BAA-9C9E-4687-A616-0F5C65C5F14B} = {8133D921-8FFB-47ED-BBD1-FEE66DBCE041}
		{7C6FADD7-A0BB-4BF3-8992-3D89ACE1CC69} = {8133D921-8FFB-47ED-BBD1-FEE66DBCE041}
		{D0D328E6-2D3D-4B55-9CEC-88552CD332EB} = {8133D921-8FFB-47ED-BBD1-FEE66DBCE041}
		{CA0E4E2F-65E6-43E2-9F81-FCF0F0402EC5} = {4DD45BEA-1576-4ABE-9D27-8D517702533D}
		{3A0D1281-A503-4E5D-9765-D7BF56F89266} = {4DD45BEA-1576-4ABE-9D27-8D517702533D}
		{4F31A3B6-D304-4D38-9D2B-3794281CB787} = {4DD45BEA-1576-4ABE-9D27-8D517702533D}
		{EA6039D9-CFDA-44B5-BE32-F1256A649E18} = {6418FBBA-1B6D-4596-A0CC-37D8C680742F}
		{7FB2A631-88C4-4C6B-9E8B-8EEEB40575D0} = {6418FBBA-1B6D-4596-A0CC-37D8C680742F}
		{D78A4080-34F4-45EC-A8EF-87F95815E3BD} = {6418FBBA-1B6D-4596-A0CC-37D8C680742F}
		{3ECDD0BB-215A-4437-B162-FC9D9285303D} = {6418FBBA-1B6D-4596-A0CC-37D8C680742F}
		{7516898D-66CC-4084-A218-29F19A503673} = {73543281-7546-49F0-AD31-DF837F0FDED5}
		{D8F919A6-AC4D-4B22-A214-8258B241F507} = {73543281-7546-49F0-AD31-DF837F0FDED5}
		{87D41A40-A33F-499F-8635-22C6D99475A6} = {73543281-7546-49F0-AD31-DF837F0FDED5}
		{22DA9276-BAE2-4328-9B74-522D5333E09C} = {73543281-7546-49F0-AD31-DF837F0FDED5}
		{5B8FCABB-7663-4047-997C-BD14C06EF301} = {73543281-7546-49F0-AD31-DF837F0FDED5}
		{BE31825C-8163-43FC-B0FD-996A9C19714B} = {73543281-7546-49F0-AD31-DF837F0FDED5}
		{C6BC3FE0-8333-4DFF-8284-07431E151B44} = {73543281-7546-49F0-AD31-DF837F0FDED5}
		{1D5FB1F1-D4C9-4B4D-9225-73F4C459B875} = {73543281-7546-49F0-AD31-DF837F0FDED5}
		{31E86FB4-68DE-4DD6-8F03-D8E2DAAE07FA} = {73543281-7546-49F0-AD31-DF837F0FDED5}
	EndGlobalSection
EndGlobal
