
Microsoft Visual Studio Solution File, Format Version 12.00
# Visual Studio 14
VisualStudioVersion = 14.0.25420.1
MinimumVisualStudioVersion = 10.0.40219.1
Project("{2150E333-8FDC-42A3-9474-1A3956D46DE8}") = "Misc", "Misc", "{9203B750-3E22-4048-A379-2147B3C9C7BF}"
	ProjectSection(SolutionItems) = preProject
		.gitignore = .gitignore
		.travis.yml = .travis.yml
		LICENSE.md = LICENSE.md
		README.md = README.md
	EndProjectSection
EndProject
Project("{FAE04EC0-301F-11D3-BF4B-00C04F79EFBC}") = "DereTore.HCA", "DereTore.HCA\DereTore.HCA.csproj", "{7C6FADD7-A0BB-4BF3-8992-3D89ACE1CC69}"
EndProject
Project("{FAE04EC0-301F-11D3-BF4B-00C04F79EFBC}") = "DereTore.HCA.Test", "DereTore.HCA.Test\DereTore.HCA.Test.csproj", "{335CBA89-B3B2-4B4A-8E4C-36369CB55028}"
EndProject
Project("{FAE04EC0-301F-11D3-BF4B-00C04F79EFBC}") = "DereTore.HCA.Native", "DereTore.HCA.Native\DereTore.HCA.Native.csproj", "{C98917AE-FEDC-4620-8A3B-21D68437AB31}"
EndProject
Project("{FAE04EC0-301F-11D3-BF4B-00C04F79EFBC}") = "DereTore.HCA.Native.Test", "DereTore.HCA.Native.Test\DereTore.HCA.Native.Test.csproj", "{8845CC4D-A29E-436C-8BE1-14E3FCE4B07D}"
EndProject
Project("{FAE04EC0-301F-11D3-BF4B-00C04F79EFBC}") = "DereTore.ACB", "DereTore.ACB\DereTore.ACB.csproj", "{EECF4BAA-9C9E-4687-A616-0F5C65C5F14B}"
EndProject
Project("{FAE04EC0-301F-11D3-BF4B-00C04F79EFBC}") = "DereTore.ACB.Test", "DereTore.ACB.Test\DereTore.ACB.Test.csproj", "{D8F919A6-AC4D-4B22-A214-8258B241F507}"
EndProject
Project("{FAE04EC0-301F-11D3-BF4B-00C04F79EFBC}") = "DereTore.Common", "DereTore.Common\DereTore.Common.csproj", "{DBD0DA4A-0057-4D04-AD69-0E7267D72793}"
EndProject
Project("{FAE04EC0-301F-11D3-BF4B-00C04F79EFBC}") = "DereTore.StarlightStage", "DereTore.StarlightStage\DereTore.StarlightStage.csproj", "{ABD7F1B5-C4E3-4200-8E44-98B183DFEE2C}"
EndProject
Project("{FAE04EC0-301F-11D3-BF4B-00C04F79EFBC}") = "DereTore.Applications.AcbMaker", "DereTore.Applications.AcbMaker\DereTore.Applications.AcbMaker.csproj", "{7516898D-66CC-4084-A218-29F19A503673}"
EndProject
Project("{FAE04EC0-301F-11D3-BF4B-00C04F79EFBC}") = "DereTore.Applications.CipherConverter", "DereTore.Applications.CipherConverter\DereTore.Applications.CipherConverter.csproj", "{22DA9276-BAE2-4328-9B74-522D5333E09C}"
EndProject
Project("{FAE04EC0-301F-11D3-BF4B-00C04F79EFBC}") = "DereTore.Applications.Encoder", "DereTore.Applications.Encoder\DereTore.Applications.Encoder.csproj", "{5B8FCABB-7663-4047-997C-BD14C06EF301}"
EndProject
Project("{FAE04EC0-301F-11D3-BF4B-00C04F79EFBC}") = "DereTore.Applications.Hca2Wav", "DereTore.Applications.Hca2Wav\DereTore.Applications.Hca2Wav.csproj", "{87D41A40-A33F-499F-8635-22C6D99475A6}"
EndProject
Project("{FAE04EC0-301F-11D3-BF4B-00C04F79EFBC}") = "DereTore.Applications.MusicToolchain", "DereTore.Applications.MusicToolchain\DereTore.Applications.MusicToolchain.csproj", "{1D5FB1F1-D4C9-4B4D-9225-73F4C459B875}"
EndProject
Project("{FAE04EC0-301F-11D3-BF4B-00C04F79EFBC}") = "DereTore.Applications.ScoreEditor", "DereTore.Applications.ScoreEditor\DereTore.Applications.ScoreEditor.csproj", "{31E86FB4-68DE-4DD6-8F03-D8E2DAAE07FA}"
EndProject
Project("{FAE04EC0-301F-11D3-BF4B-00C04F79EFBC}") = "DereTore.Applications.StarlightDirector", "DereTore.Applications.StarlightDirector\DereTore.Applications.StarlightDirector.csproj", "{EA6039D9-CFDA-44B5-BE32-F1256A649E18}"
EndProject
Project("{FAE04EC0-301F-11D3-BF4B-00C04F79EFBC}") = "DereTore.Utilities.LZ4", "DereTore.Utilities.LZ4\DereTore.Utilities.LZ4.csproj", "{C6BC3FE0-8333-4DFF-8284-07431E151B44}"
EndProject
Global
	GlobalSection(SolutionConfigurationPlatforms) = preSolution
		Debug|AnyCPU = Debug|AnyCPU
		Debug|x64 = Debug|x64
		Debug|x86 = Debug|x86
		Release|AnyCPU = Release|AnyCPU
		Release|x64 = Release|x64
		Release|x86 = Release|x86
	EndGlobalSection
	GlobalSection(ProjectConfigurationPlatforms) = postSolution
		{9203B750-3E22-4048-A379-2147B3C9C7BF}.Debug|AnyCPU.ActiveCfg = Debug|AnyCPU
		{9203B750-3E22-4048-A379-2147B3C9C7BF}.Debug|AnyCPU.Build.0 = Debug|AnyCPU
		{9203B750-3E22-4048-A379-2147B3C9C7BF}.Debug|x64.ActiveCfg = Debug|x64
		{9203B750-3E22-4048-A379-2147B3C9C7BF}.Debug|x64.Build.0 = Debug|x64
		{9203B750-3E22-4048-A379-2147B3C9C7BF}.Debug|x86.ActiveCfg = Debug|x86
		{9203B750-3E22-4048-A379-2147B3C9C7BF}.Debug|x86.Build.0 = Debug|x86
		{9203B750-3E22-4048-A379-2147B3C9C7BF}.Release|AnyCPU.ActiveCfg = Release|AnyCPU
		{9203B750-3E22-4048-A379-2147B3C9C7BF}.Release|AnyCPU.Build.0 = Release|AnyCPU
		{9203B750-3E22-4048-A379-2147B3C9C7BF}.Release|x64.ActiveCfg = Release|x64
		{9203B750-3E22-4048-A379-2147B3C9C7BF}.Release|x64.Build.0 = Release|x64
		{9203B750-3E22-4048-A379-2147B3C9C7BF}.Release|x86.ActiveCfg = Release|x86
		{9203B750-3E22-4048-A379-2147B3C9C7BF}.Release|x86.Build.0 = Release|x86
		{7C6FADD7-A0BB-4BF3-8992-3D89ACE1CC69}.Debug|AnyCPU.ActiveCfg = Debug|Any CPU
		{7C6FADD7-A0BB-4BF3-8992-3D89ACE1CC69}.Debug|AnyCPU.Build.0 = Debug|Any CPU
		{7C6FADD7-A0BB-4BF3-8992-3D89ACE1CC69}.Debug|x64.ActiveCfg = Debug|x64
		{7C6FADD7-A0BB-4BF3-8992-3D89ACE1CC69}.Debug|x64.Build.0 = Debug|x64
		{7C6FADD7-A0BB-4BF3-8992-3D89ACE1CC69}.Debug|x86.ActiveCfg = Debug|x86
		{7C6FADD7-A0BB-4BF3-8992-3D89ACE1CC69}.Debug|x86.Build.0 = Debug|x86
		{7C6FADD7-A0BB-4BF3-8992-3D89ACE1CC69}.Release|AnyCPU.ActiveCfg = Release|Any CPU
		{7C6FADD7-A0BB-4BF3-8992-3D89ACE1CC69}.Release|AnyCPU.Build.0 = Release|Any CPU
		{7C6FADD7-A0BB-4BF3-8992-3D89ACE1CC69}.Release|x64.ActiveCfg = Release|x64
		{7C6FADD7-A0BB-4BF3-8992-3D89ACE1CC69}.Release|x64.Build.0 = Release|x64
		{7C6FADD7-A0BB-4BF3-8992-3D89ACE1CC69}.Release|x86.ActiveCfg = Release|x86
		{7C6FADD7-A0BB-4BF3-8992-3D89ACE1CC69}.Release|x86.Build.0 = Release|x86
		{335CBA89-B3B2-4B4A-8E4C-36369CB55028}.Debug|AnyCPU.ActiveCfg = Debug|Any CPU
		{335CBA89-B3B2-4B4A-8E4C-36369CB55028}.Debug|AnyCPU.Build.0 = Debug|Any CPU
		{335CBA89-B3B2-4B4A-8E4C-36369CB55028}.Debug|x64.ActiveCfg = Debug|x64
		{335CBA89-B3B2-4B4A-8E4C-36369CB55028}.Debug|x64.Build.0 = Debug|x64
		{335CBA89-B3B2-4B4A-8E4C-36369CB55028}.Debug|x86.ActiveCfg = Debug|x86
		{335CBA89-B3B2-4B4A-8E4C-36369CB55028}.Debug|x86.Build.0 = Debug|x86
		{335CBA89-B3B2-4B4A-8E4C-36369CB55028}.Release|AnyCPU.ActiveCfg = Release|Any CPU
		{335CBA89-B3B2-4B4A-8E4C-36369CB55028}.Release|AnyCPU.Build.0 = Release|Any CPU
		{335CBA89-B3B2-4B4A-8E4C-36369CB55028}.Release|x64.ActiveCfg = Release|x64
		{335CBA89-B3B2-4B4A-8E4C-36369CB55028}.Release|x64.Build.0 = Release|x64
		{335CBA89-B3B2-4B4A-8E4C-36369CB55028}.Release|x86.ActiveCfg = Release|x86
		{335CBA89-B3B2-4B4A-8E4C-36369CB55028}.Release|x86.Build.0 = Release|x86
		{C98917AE-FEDC-4620-8A3B-21D68437AB31}.Debug|AnyCPU.ActiveCfg = Debug|x86
		{C98917AE-FEDC-4620-8A3B-21D68437AB31}.Debug|AnyCPU.Build.0 = Debug|x86
		{C98917AE-FEDC-4620-8A3B-21D68437AB31}.Debug|x64.ActiveCfg = Debug|x86
		{C98917AE-FEDC-4620-8A3B-21D68437AB31}.Debug|x64.Build.0 = Debug|x86
		{C98917AE-FEDC-4620-8A3B-21D68437AB31}.Debug|x86.ActiveCfg = Debug|x86
		{C98917AE-FEDC-4620-8A3B-21D68437AB31}.Debug|x86.Build.0 = Debug|x86
		{C98917AE-FEDC-4620-8A3B-21D68437AB31}.Release|AnyCPU.ActiveCfg = Release|x86
		{C98917AE-FEDC-4620-8A3B-21D68437AB31}.Release|AnyCPU.Build.0 = Release|x86
		{C98917AE-FEDC-4620-8A3B-21D68437AB31}.Release|x64.ActiveCfg = Release|x86
		{C98917AE-FEDC-4620-8A3B-21D68437AB31}.Release|x64.Build.0 = Release|x86
		{C98917AE-FEDC-4620-8A3B-21D68437AB31}.Release|x86.ActiveCfg = Release|x86
		{C98917AE-FEDC-4620-8A3B-21D68437AB31}.Release|x86.Build.0 = Release|x86
		{8845CC4D-A29E-436C-8BE1-14E3FCE4B07D}.Debug|AnyCPU.ActiveCfg = Debug|x86
		{8845CC4D-A29E-436C-8BE1-14E3FCE4B07D}.Debug|AnyCPU.Build.0 = Debug|x86
		{8845CC4D-A29E-436C-8BE1-14E3FCE4B07D}.Debug|x64.ActiveCfg = Debug|x86
		{8845CC4D-A29E-436C-8BE1-14E3FCE4B07D}.Debug|x64.Build.0 = Debug|x86
		{8845CC4D-A29E-436C-8BE1-14E3FCE4B07D}.Debug|x86.ActiveCfg = Debug|x86
		{8845CC4D-A29E-436C-8BE1-14E3FCE4B07D}.Debug|x86.Build.0 = Debug|x86
		{8845CC4D-A29E-436C-8BE1-14E3FCE4B07D}.Release|AnyCPU.ActiveCfg = Release|x86
		{8845CC4D-A29E-436C-8BE1-14E3FCE4B07D}.Release|AnyCPU.Build.0 = Release|x86
		{8845CC4D-A29E-436C-8BE1-14E3FCE4B07D}.Release|x64.ActiveCfg = Release|x86
		{8845CC4D-A29E-436C-8BE1-14E3FCE4B07D}.Release|x64.Build.0 = Release|x86
		{8845CC4D-A29E-436C-8BE1-14E3FCE4B07D}.Release|x86.ActiveCfg = Release|x86
		{8845CC4D-A29E-436C-8BE1-14E3FCE4B07D}.Release|x86.Build.0 = Release|x86
		{EECF4BAA-9C9E-4687-A616-0F5C65C5F14B}.Debug|AnyCPU.ActiveCfg = Debug|Any CPU
		{EECF4BAA-9C9E-4687-A616-0F5C65C5F14B}.Debug|AnyCPU.Build.0 = Debug|Any CPU
		{EECF4BAA-9C9E-4687-A616-0F5C65C5F14B}.Debug|x64.ActiveCfg = Debug|x64
		{EECF4BAA-9C9E-4687-A616-0F5C65C5F14B}.Debug|x64.Build.0 = Debug|x64
		{EECF4BAA-9C9E-4687-A616-0F5C65C5F14B}.Debug|x86.ActiveCfg = Debug|x86
		{EECF4BAA-9C9E-4687-A616-0F5C65C5F14B}.Debug|x86.Build.0 = Debug|x86
		{EECF4BAA-9C9E-4687-A616-0F5C65C5F14B}.Release|AnyCPU.ActiveCfg = Release|Any CPU
		{EECF4BAA-9C9E-4687-A616-0F5C65C5F14B}.Release|AnyCPU.Build.0 = Release|Any CPU
		{EECF4BAA-9C9E-4687-A616-0F5C65C5F14B}.Release|x64.ActiveCfg = Release|x64
		{EECF4BAA-9C9E-4687-A616-0F5C65C5F14B}.Release|x64.Build.0 = Release|x64
		{EECF4BAA-9C9E-4687-A616-0F5C65C5F14B}.Release|x86.ActiveCfg = Release|x86
		{EECF4BAA-9C9E-4687-A616-0F5C65C5F14B}.Release|x86.Build.0 = Release|x86
		{D8F919A6-AC4D-4B22-A214-8258B241F507}.Debug|AnyCPU.ActiveCfg = Debug|Any CPU
		{D8F919A6-AC4D-4B22-A214-8258B241F507}.Debug|AnyCPU.Build.0 = Debug|Any CPU
		{D8F919A6-AC4D-4B22-A214-8258B241F507}.Debug|x64.ActiveCfg = Debug|x64
		{D8F919A6-AC4D-4B22-A214-8258B241F507}.Debug|x64.Build.0 = Debug|x64
		{D8F919A6-AC4D-4B22-A214-8258B241F507}.Debug|x86.ActiveCfg = Debug|x86
		{D8F919A6-AC4D-4B22-A214-8258B241F507}.Debug|x86.Build.0 = Debug|x86
		{D8F919A6-AC4D-4B22-A214-8258B241F507}.Release|AnyCPU.ActiveCfg = Release|Any CPU
		{D8F919A6-AC4D-4B22-A214-8258B241F507}.Release|AnyCPU.Build.0 = Release|Any CPU
		{D8F919A6-AC4D-4B22-A214-8258B241F507}.Release|x64.ActiveCfg = Release|x64
		{D8F919A6-AC4D-4B22-A214-8258B241F507}.Release|x64.Build.0 = Release|x64
		{D8F919A6-AC4D-4B22-A214-8258B241F507}.Release|x86.ActiveCfg = Release|x86
		{D8F919A6-AC4D-4B22-A214-8258B241F507}.Release|x86.Build.0 = Release|x86
		{DBD0DA4A-0057-4D04-AD69-0E7267D72793}.Debug|AnyCPU.ActiveCfg = Debug|Any CPU
		{DBD0DA4A-0057-4D04-AD69-0E7267D72793}.Debug|AnyCPU.Build.0 = Debug|Any CPU
		{DBD0DA4A-0057-4D04-AD69-0E7267D72793}.Debug|x64.ActiveCfg = Debug|x64
		{DBD0DA4A-0057-4D04-AD69-0E7267D72793}.Debug|x64.Build.0 = Debug|x64
		{DBD0DA4A-0057-4D04-AD69-0E7267D72793}.Debug|x86.ActiveCfg = Debug|x86
		{DBD0DA4A-0057-4D04-AD69-0E7267D72793}.Debug|x86.Build.0 = Debug|x86
		{DBD0DA4A-0057-4D04-AD69-0E7267D72793}.Release|AnyCPU.ActiveCfg = Release|Any CPU
		{DBD0DA4A-0057-4D04-AD69-0E7267D72793}.Release|AnyCPU.Build.0 = Release|Any CPU
		{DBD0DA4A-0057-4D04-AD69-0E7267D72793}.Release|x64.ActiveCfg = Release|x64
		{DBD0DA4A-0057-4D04-AD69-0E7267D72793}.Release|x64.Build.0 = Release|x64
		{DBD0DA4A-0057-4D04-AD69-0E7267D72793}.Release|x86.ActiveCfg = Release|x86
		{DBD0DA4A-0057-4D04-AD69-0E7267D72793}.Release|x86.Build.0 = Release|x86
		{ABD7F1B5-C4E3-4200-8E44-98B183DFEE2C}.Debug|AnyCPU.ActiveCfg = Debug|Any CPU
		{ABD7F1B5-C4E3-4200-8E44-98B183DFEE2C}.Debug|AnyCPU.Build.0 = Debug|Any CPU
		{ABD7F1B5-C4E3-4200-8E44-98B183DFEE2C}.Debug|x64.ActiveCfg = Debug|x64
		{ABD7F1B5-C4E3-4200-8E44-98B183DFEE2C}.Debug|x64.Build.0 = Debug|x64
		{ABD7F1B5-C4E3-4200-8E44-98B183DFEE2C}.Debug|x86.ActiveCfg = Debug|x86
		{ABD7F1B5-C4E3-4200-8E44-98B183DFEE2C}.Debug|x86.Build.0 = Debug|x86
		{ABD7F1B5-C4E3-4200-8E44-98B183DFEE2C}.Release|AnyCPU.ActiveCfg = Release|Any CPU
		{ABD7F1B5-C4E3-4200-8E44-98B183DFEE2C}.Release|AnyCPU.Build.0 = Release|Any CPU
		{ABD7F1B5-C4E3-4200-8E44-98B183DFEE2C}.Release|x64.ActiveCfg = Release|x64
		{ABD7F1B5-C4E3-4200-8E44-98B183DFEE2C}.Release|x64.Build.0 = Release|x64
		{ABD7F1B5-C4E3-4200-8E44-98B183DFEE2C}.Release|x86.ActiveCfg = Release|x86
		{ABD7F1B5-C4E3-4200-8E44-98B183DFEE2C}.Release|x86.Build.0 = Release|x86
		{7516898D-66CC-4084-A218-29F19A503673}.Debug|AnyCPU.ActiveCfg = Debug|Any CPU
		{7516898D-66CC-4084-A218-29F19A503673}.Debug|AnyCPU.Build.0 = Debug|Any CPU
		{7516898D-66CC-4084-A218-29F19A503673}.Debug|x64.ActiveCfg = Debug|x64
		{7516898D-66CC-4084-A218-29F19A503673}.Debug|x64.Build.0 = Debug|x64
		{7516898D-66CC-4084-A218-29F19A503673}.Debug|x86.ActiveCfg = Debug|x86
		{7516898D-66CC-4084-A218-29F19A503673}.Debug|x86.Build.0 = Debug|x86
		{7516898D-66CC-4084-A218-29F19A503673}.Release|AnyCPU.ActiveCfg = Release|Any CPU
		{7516898D-66CC-4084-A218-29F19A503673}.Release|AnyCPU.Build.0 = Release|Any CPU
		{7516898D-66CC-4084-A218-29F19A503673}.Release|x64.ActiveCfg = Release|x64
		{7516898D-66CC-4084-A218-29F19A503673}.Release|x64.Build.0 = Release|x64
		{7516898D-66CC-4084-A218-29F19A503673}.Release|x86.ActiveCfg = Release|x86
		{7516898D-66CC-4084-A218-29F19A503673}.Release|x86.Build.0 = Release|x86
		{22DA9276-BAE2-4328-9B74-522D5333E09C}.Debug|AnyCPU.ActiveCfg = Debug|Any CPU
		{22DA9276-BAE2-4328-9B74-522D5333E09C}.Debug|AnyCPU.Build.0 = Debug|Any CPU
		{22DA9276-BAE2-4328-9B74-522D5333E09C}.Debug|x64.ActiveCfg = Debug|x64
		{22DA9276-BAE2-4328-9B74-522D5333E09C}.Debug|x64.Build.0 = Debug|x64
		{22DA9276-BAE2-4328-9B74-522D5333E09C}.Debug|x86.ActiveCfg = Debug|x86
		{22DA9276-BAE2-4328-9B74-522D5333E09C}.Debug|x86.Build.0 = Debug|x86
		{22DA9276-BAE2-4328-9B74-522D5333E09C}.Release|AnyCPU.ActiveCfg = Release|Any CPU
		{22DA9276-BAE2-4328-9B74-522D5333E09C}.Release|AnyCPU.Build.0 = Release|Any CPU
		{22DA9276-BAE2-4328-9B74-522D5333E09C}.Release|x64.ActiveCfg = Release|x64
		{22DA9276-BAE2-4328-9B74-522D5333E09C}.Release|x64.Build.0 = Release|x64
		{22DA9276-BAE2-4328-9B74-522D5333E09C}.Release|x86.ActiveCfg = Release|x86
		{22DA9276-BAE2-4328-9B74-522D5333E09C}.Release|x86.Build.0 = Release|x86
		{5B8FCABB-7663-4047-997C-BD14C06EF301}.Debug|AnyCPU.ActiveCfg = Debug|x86
		{5B8FCABB-7663-4047-997C-BD14C06EF301}.Debug|AnyCPU.Build.0 = Debug|x86
		{5B8FCABB-7663-4047-997C-BD14C06EF301}.Debug|x64.ActiveCfg = Debug|x86
		{5B8FCABB-7663-4047-997C-BD14C06EF301}.Debug|x86.ActiveCfg = Debug|x86
		{5B8FCABB-7663-4047-997C-BD14C06EF301}.Debug|x86.Build.0 = Debug|x86
		{5B8FCABB-7663-4047-997C-BD14C06EF301}.Release|AnyCPU.ActiveCfg = Release|x86
		{5B8FCABB-7663-4047-997C-BD14C06EF301}.Release|x64.ActiveCfg = Release|x86
		{5B8FCABB-7663-4047-997C-BD14C06EF301}.Release|x86.ActiveCfg = Release|x86
		{5B8FCABB-7663-4047-997C-BD14C06EF301}.Release|x86.Build.0 = Release|x86
		{87D41A40-A33F-499F-8635-22C6D99475A6}.Debug|AnyCPU.ActiveCfg = Debug|Any CPU
		{87D41A40-A33F-499F-8635-22C6D99475A6}.Debug|AnyCPU.Build.0 = Debug|Any CPU
		{87D41A40-A33F-499F-8635-22C6D99475A6}.Debug|x64.ActiveCfg = Debug|x64
		{87D41A40-A33F-499F-8635-22C6D99475A6}.Debug|x64.Build.0 = Debug|x64
		{87D41A40-A33F-499F-8635-22C6D99475A6}.Debug|x86.ActiveCfg = Debug|x86
		{87D41A40-A33F-499F-8635-22C6D99475A6}.Debug|x86.Build.0 = Debug|x86
		{87D41A40-A33F-499F-8635-22C6D99475A6}.Release|AnyCPU.ActiveCfg = Release|Any CPU
		{87D41A40-A33F-499F-8635-22C6D99475A6}.Release|AnyCPU.Build.0 = Release|Any CPU
		{87D41A40-A33F-499F-8635-22C6D99475A6}.Release|x64.ActiveCfg = Release|x64
		{87D41A40-A33F-499F-8635-22C6D99475A6}.Release|x64.Build.0 = Release|x64
		{87D41A40-A33F-499F-8635-22C6D99475A6}.Release|x86.ActiveCfg = Release|x86
		{87D41A40-A33F-499F-8635-22C6D99475A6}.Release|x86.Build.0 = Release|x86
		{1D5FB1F1-D4C9-4B4D-9225-73F4C459B875}.Debug|AnyCPU.ActiveCfg = Debug|Any CPU
		{1D5FB1F1-D4C9-4B4D-9225-73F4C459B875}.Debug|AnyCPU.Build.0 = Debug|Any CPU
		{1D5FB1F1-D4C9-4B4D-9225-73F4C459B875}.Debug|x64.ActiveCfg = Debug|x64
		{1D5FB1F1-D4C9-4B4D-9225-73F4C459B875}.Debug|x86.ActiveCfg = Debug|x86
		{1D5FB1F1-D4C9-4B4D-9225-73F4C459B875}.Debug|x86.Build.0 = Debug|x86
		{1D5FB1F1-D4C9-4B4D-9225-73F4C459B875}.Release|AnyCPU.ActiveCfg = Release|Any CPU
		{1D5FB1F1-D4C9-4B4D-9225-73F4C459B875}.Release|x64.ActiveCfg = Release|x64
		{1D5FB1F1-D4C9-4B4D-9225-73F4C459B875}.Release|x86.ActiveCfg = Release|x86
		{1D5FB1F1-D4C9-4B4D-9225-73F4C459B875}.Release|x86.Build.0 = Release|x86
		{31E86FB4-68DE-4DD6-8F03-D8E2DAAE07FA}.Debug|AnyCPU.ActiveCfg = Debug|Any CPU
		{31E86FB4-68DE-4DD6-8F03-D8E2DAAE07FA}.Debug|AnyCPU.Build.0 = Debug|Any CPU
		{31E86FB4-68DE-4DD6-8F03-D8E2DAAE07FA}.Debug|x64.ActiveCfg = Debug|x64
		{31E86FB4-68DE-4DD6-8F03-D8E2DAAE07FA}.Debug|x64.Build.0 = Debug|x64
		{31E86FB4-68DE-4DD6-8F03-D8E2DAAE07FA}.Debug|x86.ActiveCfg = Debug|x86
		{31E86FB4-68DE-4DD6-8F03-D8E2DAAE07FA}.Debug|x86.Build.0 = Debug|x86
		{31E86FB4-68DE-4DD6-8F03-D8E2DAAE07FA}.Release|AnyCPU.ActiveCfg = Release|Any CPU
		{31E86FB4-68DE-4DD6-8F03-D8E2DAAE07FA}.Release|AnyCPU.Build.0 = Release|Any CPU
		{31E86FB4-68DE-4DD6-8F03-D8E2DAAE07FA}.Release|x64.ActiveCfg = Release|x64
		{31E86FB4-68DE-4DD6-8F03-D8E2DAAE07FA}.Release|x64.Build.0 = Release|x64
		{31E86FB4-68DE-4DD6-8F03-D8E2DAAE07FA}.Release|x86.ActiveCfg = Release|x86
		{31E86FB4-68DE-4DD6-8F03-D8E2DAAE07FA}.Release|x86.Build.0 = Release|x86
		{EA6039D9-CFDA-44B5-BE32-F1256A649E18}.Debug|AnyCPU.ActiveCfg = Debug|Any CPU
		{EA6039D9-CFDA-44B5-BE32-F1256A649E18}.Debug|AnyCPU.Build.0 = Debug|Any CPU
		{EA6039D9-CFDA-44B5-BE32-F1256A649E18}.Debug|x64.ActiveCfg = Debug|x64
		{EA6039D9-CFDA-44B5-BE32-F1256A649E18}.Debug|x64.Build.0 = Debug|x64
		{EA6039D9-CFDA-44B5-BE32-F1256A649E18}.Debug|x86.ActiveCfg = Debug|x86
		{EA6039D9-CFDA-44B5-BE32-F1256A649E18}.Debug|x86.Build.0 = Debug|x86
		{EA6039D9-CFDA-44B5-BE32-F1256A649E18}.Release|AnyCPU.ActiveCfg = Release|Any CPU
		{EA6039D9-CFDA-44B5-BE32-F1256A649E18}.Release|AnyCPU.Build.0 = Release|Any CPU
		{EA6039D9-CFDA-44B5-BE32-F1256A649E18}.Release|x64.ActiveCfg = Release|x64
		{EA6039D9-CFDA-44B5-BE32-F1256A649E18}.Release|x64.Build.0 = Release|x64
		{EA6039D9-CFDA-44B5-BE32-F1256A649E18}.Release|x86.ActiveCfg = Release|x86
		{EA6039D9-CFDA-44B5-BE32-F1256A649E18}.Release|x86.Build.0 = Release|x86
		{C6BC3FE0-8333-4DFF-8284-07431E151B44}.Debug|AnyCPU.ActiveCfg = Debug|Any CPU
		{C6BC3FE0-8333-4DFF-8284-07431E151B44}.Debug|AnyCPU.Build.0 = Debug|Any CPU
		{C6BC3FE0-8333-4DFF-8284-07431E151B44}.Debug|x64.ActiveCfg = Debug|x64
		{C6BC3FE0-8333-4DFF-8284-07431E151B44}.Debug|x64.Build.0 = Debug|x64
		{C6BC3FE0-8333-4DFF-8284-07431E151B44}.Debug|x86.ActiveCfg = Debug|x86
		{C6BC3FE0-8333-4DFF-8284-07431E151B44}.Debug|x86.Build.0 = Debug|x86
		{C6BC3FE0-8333-4DFF-8284-07431E151B44}.Release|AnyCPU.ActiveCfg = Release|Any CPU
		{C6BC3FE0-8333-4DFF-8284-07431E151B44}.Release|AnyCPU.Build.0 = Release|Any CPU
		{C6BC3FE0-8333-4DFF-8284-07431E151B44}.Release|x64.ActiveCfg = Release|x64
		{C6BC3FE0-8333-4DFF-8284-07431E151B44}.Release|x64.Build.0 = Release|x64
		{C6BC3FE0-8333-4DFF-8284-07431E151B44}.Release|x86.ActiveCfg = Release|x86
		{C6BC3FE0-8333-4DFF-8284-07431E151B44}.Release|x86.Build.0 = Release|x86
	EndGlobalSection
	GlobalSection(SolutionProperties) = preSolution
		HideSolutionNode = FALSE
	EndGlobalSection
EndGlobal
